# This file is automatically @generated by Cargo.
# It is not intended for manual editing.
version = 3

[[package]]
name = "assignment1"
version = "0.1.0"

[[package]]
name = "assignment2"
version = "0.1.0"

[[package]]
name = "assignment3"
version = "0.1.0"

[[package]]
name = "bootcamp"
version = "0.1.0"

[[package]]
name = "bootcamp1"
version = "0.1.0"

[[package]]
name = "bootcamp2"
version = "0.1.0"

[[package]]
name = "bootcamp3"
version = "0.1.0"

[[package]]
name = "class_4"
version = "0.1.0"

[[package]]
name = "class_5"
version = "0.1.0"

[[package]]
name = "class_rust"
version = "0.1.0"
dependencies = [
 "rust_math",
]

[[package]]
name = "practise1"
version = "0.1.0"

[[package]]
name = "project"
version = "0.1.0"

[[package]]
name = "rectangle"
version = "0.1.0"

[[package]]
name = "rust_math"
version = "0.3.7"
source = "registry+https://github.com/rust-lang/crates.io-index"
checksum = "5f8cb0c9ad55746a4f9630e638c7809cd7eef2e754024d01b9ea5f51743134ff"

[[package]]
name = "task1"
version = "0.1.0"

[[package]]
name = "task2"
version = "0.1.0"

[[package]]
name = "task3"
version = "0.1.0"

[[package]]
name = "task4"
version = "0.1.0"

[[package]]
name = "task5"
version = "0.1.0"

[[package]]
name = "task6"
version = "0.1.0"

[[package]]
name = "task7"
version = "0.1.0"

[[package]]
name = "task8"
version = "0.1.0"

[[package]]
name = "task9"
version = "0.1.0"
